<?xml version="1.0" encoding="UTF-8" standalone="yes" ?>
<CodeBlocks_project_file>
	<FileVersion major="1" minor="6" />
	<Project>
		<Option title="projet" />
		<Option pch_mode="2" />
		<Option compiler="gcc" />
		<Build>
			<Target title="Debug">
				<Option output="bin/Debug/projet" prefix_auto="1" extension_auto="1" />
				<Option object_output="obj/Debug/" />
				<Option type="1" />
				<Option compiler="gcc" />
				<Compiler>
					<Add option="-g" />
				</Compiler>
			</Target>
			<Target title="Release">
				<Option output="bin/Release/projet" prefix_auto="1" extension_auto="1" />
				<Option object_output="obj/Release/" />
				<Option type="1" />
				<Option compiler="gcc" />
				<Compiler>
					<Add option="-O2" />
				</Compiler>
				<Linker>
					<Add option="-s" />
				</Linker>
			</Target>
		</Build>
		<Unit filename="Batiment.cpp" />
		<Unit filename="Batiment.h" />
		<Unit filename="Category.cpp" />
		<Unit filename="Category.h" />
		<Unit filename="Chambre.cpp" />
		<Unit filename="Chambre.h" />
		<Unit filename="ChambreMultiple.cpp" />
		<Unit filename="ChambreMultiple.h" />
		<Unit filename="ChambrePatient.cpp" />
		<Unit filename="ChambrePatient.h" />
		<Unit filename="ChambrePersonnel.cpp" />
		<Unit filename="ChambrePersonnel.h" />
		<Unit filename="Date.h" />
		<Unit filename="DossierMedical.cpp" />
		<Unit filename="DossierMedical.h" />
		<Unit filename="Etage.cpp" />
		<Unit filename="Etage.h" />
		<Unit filename="EtageAlzheimer.cpp" />
		<Unit filename="EtageAlzheimer.h" />
		<Unit filename="EtageCardio.cpp" />
		<Unit filename="EtageCardio.h" />
		<Unit filename="EtageNeurologie.cpp" />
		<Unit filename="EtageNeurologie.h" />
		<Unit filename="Infirmier.cpp" />
		<Unit filename="Infirmier.h" />
		<Unit filename="Medecin.cpp" />
		<Unit filename="Medecin.h" />
		<Unit filename="MedecinInfirmier.cpp" />
		<Unit filename="MedecinInfirmier.h" />
		<Unit filename="Medicament.cpp" />
		<Unit filename="Medicament.h" />
		<Unit filename="Personne.cpp" />
		<Unit filename="Personne.h" />
		<Unit filename="Personnel.cpp" />
		<Unit filename="Personnel.h" />
		<Unit filename="Resident.cpp" />
		<Unit filename="Resident.h" />
		<Unit filename="Responsable.cpp" />
		<Unit filename="Responsable.h" />
		<Unit filename="main.cpp" />
		<Extensions />
	</Project>
</CodeBlocks_project_file>
