<?xml version="1.0" encoding="UTF-8" standalone="yes" ?>
<CodeBlocks_project_file>
	<FileVersion major="1" minor="6" />
	<Project>
		<Option title="projet" />
		<Option pch_mode="2" />
		<Option compiler="gcc" />
		<Build>
			<Target title="Debug">
				<Option output="bin/Debug/projet" prefix_auto="1" extension_auto="1" />
				<Option object_output="obj/Debug/" />
				<Option type="1" />
				<Option compiler="gcc" />
				<Compiler>
					<Add option="-g" />
				</Compiler>
			</Target>
			<Target title="Release">
				<Option output="bin/Release/projet" prefix_auto="1" extension_auto="1" />
				<Option object_output="obj/Release/" />
				<Option type="1" />
				<Option compiler="gcc" />
				<Compiler>
					<Add option="-O2" />
				</Compiler>
				<Linker>
					<Add option="-s" />
				</Linker>
			</Target>
		</Build>
		<Compiler>
			<Add option="-Wall" />
			<Add option="-fexceptions" />
		</Compiler>
		<Unit filename="Batiment.cpp">
			<Option target="&lt;{~None~}&gt;" />
		</Unit>
		<Unit filename="Batiment.h">
			<Option target="Debug" />
		</Unit>
		<Unit filename="Category.cpp">
			<Option target="&lt;{~None~}&gt;" />
		</Unit>
		<Unit filename="Category.h">
			<Option target="Debug" />
		</Unit>
		<Unit filename="Chambre.cpp">
			<Option target="&lt;{~None~}&gt;" />
		</Unit>
		<Unit filename="Chambre.h">
			<Option target="Debug" />
		</Unit>
		<Unit filename="ChambreMultiple.cpp">
			<Option target="&lt;{~None~}&gt;" />
		</Unit>
		<Unit filename="ChambreMultiple.h">
			<Option target="&lt;{~None~}&gt;" />
		</Unit>
		<Unit filename="ChambrePatient.cpp">
			<Option target="&lt;{~None~}&gt;" />
		</Unit>
		<Unit filename="ChambrePatient.h">
			<Option target="Debug" />
		</Unit>
		<Unit filename="ChambrePersonnel.cpp">
			<Option target="&lt;{~None~}&gt;" />
		</Unit>
		<Unit filename="ChambrePersonnel.h">
			<Option target="Debug" />
		</Unit>
		<Unit filename="DossierMedical.cpp">
			<Option target="Debug" />
		</Unit>
		<Unit filename="DossierMedical.h">
			<Option target="Debug" />
		</Unit>
		<Unit filename="Etage.cpp">
			<Option target="&lt;{~None~}&gt;" />
		</Unit>
		<Unit filename="Etage.h">
			<Option target="Debug" />
		</Unit>
		<Unit filename="EtageAlzheimer.cpp">
			<Option target="&lt;{~None~}&gt;" />
		</Unit>
		<Unit filename="EtageAlzheimer.h">
			<Option target="Debug" />
		</Unit>
		<Unit filename="EtageCardio.cpp">
			<Option target="&lt;{~None~}&gt;" />
		</Unit>
		<Unit filename="EtageCardio.h">
			<Option target="Debug" />
		</Unit>
		<Unit filename="EtageNeurologie.cpp">
			<Option target="&lt;{~None~}&gt;" />
		</Unit>
		<Unit filename="EtageNeurologie.h">
			<Option target="Debug" />
		</Unit>
		<Unit filename="Infirmier.cpp">
			<Option target="&lt;{~None~}&gt;" />
		</Unit>
		<Unit filename="Infirmier.h">
			<Option target="Debug" />
		</Unit>
		<Unit filename="Medecin.cpp">
			<Option target="Debug" />
		</Unit>
		<Unit filename="Medecin.h">
			<Option target="Debug" />
		</Unit>
		<Unit filename="MedecinInfirmier.cpp">
			<Option target="&lt;{~None~}&gt;" />
		</Unit>
		<Unit filename="MedecinInfirmier.h">
			<Option target="Debug" />
		</Unit>
		<Unit filename="Medicament.cpp">
			<Option target="Debug" />
		</Unit>
		<Unit filename="Medicament.h">
			<Option target="Debug" />
		</Unit>
		<Unit filename="Personne.cpp">
			<Option target="Debug" />
		</Unit>
		<Unit filename="Personne.h">
			<Option target="Debug" />
		</Unit>
		<Unit filename="Personnel.cpp">
			<Option target="Debug" />
		</Unit>
		<Unit filename="Personnel.h">
			<Option target="Debug" />
		</Unit>
		<Unit filename="Resident.cpp">
			<Option target="Debug" />
		</Unit>
		<Unit filename="Resident.h">
			<Option target="Debug" />
		</Unit>
		<Unit filename="Responsable.cpp">
			<Option target="Debug" />
		</Unit>
		<Unit filename="Responsable.h">
			<Option target="Debug" />
		</Unit>
		<Unit filename="main.cpp" />
		<Extensions />
	</Project>
</CodeBlocks_project_file>
